PODS:
  - YandexMapKit (3.4):
    - YandexRuntime (= 3.4)
  - YandexMapKitDirections (3.4):
    - YandexMapKit (= 3.4)
    - YandexRuntime (= 3.4)
  - YandexMapKitSearch (3.4):
    - YandexMapKit (= 3.4)
    - YandexRuntime (= 3.4)
  - YandexRuntime (3.4)

DEPENDENCIES:
  - YandexMapKit (= 3.4)
  - YandexMapKitDirections (= 3.4)
  - YandexMapKitSearch (= 3.4)

SPEC REPOS:
  trunk:
    - YandexMapKit
    - YandexMapKitDirections
    - YandexMapKitSearch
    - YandexRuntime

SPEC CHECKSUMS:
  YandexMapKit: f222923561fe159dd8480d927f61950fc5ff3b8d
  YandexMapKitDirections: 59ba4317a782f89125e8f3dbd754c6adf95de499
  YandexMapKitSearch: 9d658009a11ce4973e5b1c59aacb72c3f63c808a
  YandexRuntime: 2547d72a3ce4757f16ad188cfbe8a124ae13d806

PODFILE CHECKSUM: 33b1edf14335ffc8049c500156d71676348926fd

COCOAPODS: 1.9.0.beta.2
